
Microsoft Visual Studio Solution File, Format Version 12.00
# Visual Studio Version 16
VisualStudioVersion = 16.0.31005.135
MinimumVisualStudioVersion = 10.0.40219.1
Project("{FAE04EC0-301F-11D3-BF4B-00C04F79EFBC}") = "IdadeNadador", "IdadeNadador.csproj", "{76645567-9A36-4FBA-AF2D-C72BDC9C9BE9}"
EndProject
Global
	GlobalSection(SolutionConfigurationPlatforms) = preSolution
		Debug|Any CPU = Debug|Any CPU
		Release|Any CPU = Release|Any CPU
	EndGlobalSection
	GlobalSection(ProjectConfigurationPlatforms) = postSolution
		{76645567-9A36-4FBA-AF2D-C72BDC9C9BE9}.Debug|Any CPU.ActiveCfg = Debug|Any CPU
		{76645567-9A36-4FBA-AF2D-C72BDC9C9BE9}.Debug|Any CPU.Build.0 = Debug|Any CPU
		{76645567-9A36-4FBA-AF2D-C72BDC9C9BE9}.Release|Any CPU.ActiveCfg = Release|Any CPU
		{76645567-9A36-4FBA-AF2D-C72BDC9C9BE9}.Release|Any CPU.Build.0 = Release|Any CPU
	EndGlobalSection
	GlobalSection(SolutionProperties) = preSolution
		HideSolutionNode = FALSE
	EndGlobalSection
	GlobalSection(ExtensibilityGlobals) = postSolution
		SolutionGuid = {342483BB-5821-4A69-94AB-6A30F2383A00}
	EndGlobalSection
EndGlobal
