
Microsoft Visual Studio Solution File, Format Version 12.00
# Visual Studio Version 16
VisualStudioVersion = 16.0.31005.135
MinimumVisualStudioVersion = 10.0.40219.1
Project("{FAE04EC0-301F-11D3-BF4B-00C04F79EFBC}") = "Idade", "Idade.csproj", "{4027D853-0BBF-4FED-8E91-D5CE519B212B}"
EndProject
Global
	GlobalSection(SolutionConfigurationPlatforms) = preSolution
		Debug|Any CPU = Debug|Any CPU
		Release|Any CPU = Release|Any CPU
	EndGlobalSection
	GlobalSection(ProjectConfigurationPlatforms) = postSolution
		{4027D853-0BBF-4FED-8E91-D5CE519B212B}.Debug|Any CPU.ActiveCfg = Debug|Any CPU
		{4027D853-0BBF-4FED-8E91-D5CE519B212B}.Debug|Any CPU.Build.0 = Debug|Any CPU
		{4027D853-0BBF-4FED-8E91-D5CE519B212B}.Release|Any CPU.ActiveCfg = Release|Any CPU
		{4027D853-0BBF-4FED-8E91-D5CE519B212B}.Release|Any CPU.Build.0 = Release|Any CPU
	EndGlobalSection
	GlobalSection(SolutionProperties) = preSolution
		HideSolutionNode = FALSE
	EndGlobalSection
	GlobalSection(ExtensibilityGlobals) = postSolution
		SolutionGuid = {001BD50D-4486-4C33-B38A-830AE21A9068}
	EndGlobalSection
EndGlobal
