
Microsoft Visual Studio Solution File, Format Version 12.00
# Visual Studio Version 16
VisualStudioVersion = 16.0.31005.135
MinimumVisualStudioVersion = 10.0.40219.1
Project("{FAE04EC0-301F-11D3-BF4B-00C04F79EFBC}") = "IMC", "IMC.csproj", "{AFA29A35-5974-41A1-A046-2C7B3368B893}"
EndProject
Global
	GlobalSection(SolutionConfigurationPlatforms) = preSolution
		Debug|Any CPU = Debug|Any CPU
		Release|Any CPU = Release|Any CPU
	EndGlobalSection
	GlobalSection(ProjectConfigurationPlatforms) = postSolution
		{AFA29A35-5974-41A1-A046-2C7B3368B893}.Debug|Any CPU.ActiveCfg = Debug|Any CPU
		{AFA29A35-5974-41A1-A046-2C7B3368B893}.Debug|Any CPU.Build.0 = Debug|Any CPU
		{AFA29A35-5974-41A1-A046-2C7B3368B893}.Release|Any CPU.ActiveCfg = Release|Any CPU
		{AFA29A35-5974-41A1-A046-2C7B3368B893}.Release|Any CPU.Build.0 = Release|Any CPU
	EndGlobalSection
	GlobalSection(SolutionProperties) = preSolution
		HideSolutionNode = FALSE
	EndGlobalSection
	GlobalSection(ExtensibilityGlobals) = postSolution
		SolutionGuid = {83D78F2D-9A58-4574-802E-02F6FD821A5D}
	EndGlobalSection
EndGlobal
